
Microsoft Visual Studio Solution File, Format Version 12.00
# Visual Studio Version 16
VisualStudioVersion = 16.0.30517.126
MinimumVisualStudioVersion = 10.0.40219.1
Project("{9A19103F-16F7-4668-BE54-9A1E7A4F7556}") = "XafBlazorElectron.Module", "XafBlazorElectron.Module\XafBlazorElectron.Module.csproj", "{DE46BB29-0E4F-4B11-AAED-A5C1B8FB70C3}"
EndProject
Project("{9A19103F-16F7-4668-BE54-9A1E7A4F7556}") = "XafBlazorElectron.Module.Blazor", "XafBlazorElectron.Module.Blazor\XafBlazorElectron.Module.Blazor.csproj", "{F92FC0FA-772E-4F08-9EE4-5A73FA03CB8C}"
EndProject
Project("{9A19103F-16F7-4668-BE54-9A1E7A4F7556}") = "XafBlazorElectron.Blazor.Server", "XafBlazorElectron.Blazor.Server\XafBlazorElectron.Blazor.Server.csproj", "{94801E3D-EBD4-41D3-B3D9-911CA293A515}"
EndProject
Global
	GlobalSection(SolutionConfigurationPlatforms) = preSolution
		Debug|Any CPU = Debug|Any CPU
		EasyTest|Any CPU = EasyTest|Any CPU
		Release|Any CPU = Release|Any CPU
	EndGlobalSection
	GlobalSection(ProjectConfigurationPlatforms) = postSolution
		{DE46BB29-0E4F-4B11-AAED-A5C1B8FB70C3}.Debug|Any CPU.ActiveCfg = Debug|Any CPU
		{DE46BB29-0E4F-4B11-AAED-A5C1B8FB70C3}.Debug|Any CPU.Build.0 = Debug|Any CPU
		{DE46BB29-0E4F-4B11-AAED-A5C1B8FB70C3}.EasyTest|Any CPU.ActiveCfg = EasyTest|Any CPU
		{DE46BB29-0E4F-4B11-AAED-A5C1B8FB70C3}.EasyTest|Any CPU.Build.0 = EasyTest|Any CPU
		{DE46BB29-0E4F-4B11-AAED-A5C1B8FB70C3}.Release|Any CPU.ActiveCfg = Release|Any CPU
		{DE46BB29-0E4F-4B11-AAED-A5C1B8FB70C3}.Release|Any CPU.Build.0 = Release|Any CPU
		{F92FC0FA-772E-4F08-9EE4-5A73FA03CB8C}.Debug|Any CPU.ActiveCfg = Debug|Any CPU
		{F92FC0FA-772E-4F08-9EE4-5A73FA03CB8C}.Debug|Any CPU.Build.0 = Debug|Any CPU
		{F92FC0FA-772E-4F08-9EE4-5A73FA03CB8C}.EasyTest|Any CPU.ActiveCfg = EasyTest|Any CPU
		{F92FC0FA-772E-4F08-9EE4-5A73FA03CB8C}.EasyTest|Any CPU.Build.0 = EasyTest|Any CPU
		{F92FC0FA-772E-4F08-9EE4-5A73FA03CB8C}.Release|Any CPU.ActiveCfg = Release|Any CPU
		{F92FC0FA-772E-4F08-9EE4-5A73FA03CB8C}.Release|Any CPU.Build.0 = Release|Any CPU
		{94801E3D-EBD4-41D3-B3D9-911CA293A515}.Debug|Any CPU.ActiveCfg = Debug|Any CPU
		{94801E3D-EBD4-41D3-B3D9-911CA293A515}.Debug|Any CPU.Build.0 = Debug|Any CPU
		{94801E3D-EBD4-41D3-B3D9-911CA293A515}.EasyTest|Any CPU.ActiveCfg = EasyTest|Any CPU
		{94801E3D-EBD4-41D3-B3D9-911CA293A515}.EasyTest|Any CPU.Build.0 = EasyTest|Any CPU
		{94801E3D-EBD4-41D3-B3D9-911CA293A515}.Release|Any CPU.ActiveCfg = Release|Any CPU
		{94801E3D-EBD4-41D3-B3D9-911CA293A515}.Release|Any CPU.Build.0 = Release|Any CPU
	EndGlobalSection
	GlobalSection(SolutionProperties) = preSolution
		HideSolutionNode = FALSE
	EndGlobalSection
	GlobalSection(ExtensibilityGlobals) = postSolution
		SolutionGuid = {C3ABF3EF-025E-4997-9190-A28C616C1171}
	EndGlobalSection
EndGlobal
